// !$*UTF8*$!
{
	archiveVersion = 1;
	classes = {
	};
	objectVersion = 56;
	objects = {

/* Begin PBXBuildFile section */
		6843803F29DB6BF000CE3C68 /* CardsApp.swift in Sources */ = {isa = PBXBuildFile; fileRef = 6843803E29DB6BF000CE3C68 /* CardsApp.swift */; };
		6843804129DB6BF000CE3C68 /* ContentView.swift in Sources */ = {isa = PBXBuildFile; fileRef = 6843804029DB6BF000CE3C68 /* ContentView.swift */; };
		6843804329DB6BF100CE3C68 /* Assets.xcassets in Resources */ = {isa = PBXBuildFile; fileRef = 6843804229DB6BF100CE3C68 /* Assets.xcassets */; };
		6843804629DB6BF100CE3C68 /* Preview Assets.xcassets in Resources */ = {isa = PBXBuildFile; fileRef = 6843804529DB6BF100CE3C68 /* Preview Assets.xcassets */; };
		6843804E29DB6C8300CE3C68 /* CardsListView.swift in Sources */ = {isa = PBXBuildFile; fileRef = 6843804D29DB6C8300CE3C68 /* CardsListView.swift */; };
		6843805029DB6D7300CE3C68 /* CardThumbnailView.swift in Sources */ = {isa = PBXBuildFile; fileRef = 6843804F29DB6D7300CE3C68 /* CardThumbnailView.swift */; };
		6843805229DB6DDF00CE3C68 /* SingleCardView.swift in Sources */ = {isa = PBXBuildFile; fileRef = 6843805129DB6DDF00CE3C68 /* SingleCardView.swift */; };
		6843805429DB6E6E00CE3C68 /* ViewState.swift in Sources */ = {isa = PBXBuildFile; fileRef = 6843805329DB6E6E00CE3C68 /* ViewState.swift */; };
		6843805629DB6F9E00CE3C68 /* CardsView.swift in Sources */ = {isa = PBXBuildFile; fileRef = 6843805529DB6F9E00CE3C68 /* CardsView.swift */; };
		6843805829DB725400CE3C68 /* CardDetailView.swift in Sources */ = {isa = PBXBuildFile; fileRef = 6843805729DB725300CE3C68 /* CardDetailView.swift */; };
		6843805A29DB780D00CE3C68 /* CardModal.swift in Sources */ = {isa = PBXBuildFile; fileRef = 6843805929DB780D00CE3C68 /* CardModal.swift */; };
		6843805C29DB783700CE3C68 /* CardBottomToolbar.swift in Sources */ = {isa = PBXBuildFile; fileRef = 6843805B29DB783700CE3C68 /* CardBottomToolbar.swift */; };
		6843806029DB802C00CE3C68 /* ResizableView.swift in Sources */ = {isa = PBXBuildFile; fileRef = 6843805F29DB802C00CE3C68 /* ResizableView.swift */; };
		6843806229DB80D000CE3C68 /* Transform.swift in Sources */ = {isa = PBXBuildFile; fileRef = 6843806129DB80D000CE3C68 /* Transform.swift */; };
		6843806429DB850F00CE3C68 /* Operators.swift in Sources */ = {isa = PBXBuildFile; fileRef = 6843806329DB850F00CE3C68 /* Operators.swift */; };
		6843806729DB8B7F00CE3C68 /* ViewExtensions.swift in Sources */ = {isa = PBXBuildFile; fileRef = 6843806629DB8B7F00CE3C68 /* ViewExtensions.swift */; };
		6843806A29DB8E6800CE3C68 /* Settings.swift in Sources */ = {isa = PBXBuildFile; fileRef = 6843806929DB8E6800CE3C68 /* Settings.swift */; };
		6843806C29DB8FE900CE3C68 /* ColorExtensions.swift in Sources */ = {isa = PBXBuildFile; fileRef = 6843806B29DB8FE900CE3C68 /* ColorExtensions.swift */; };
		6843806F29DB93CB00CE3C68 /* CardToolbar.swift in Sources */ = {isa = PBXBuildFile; fileRef = 6843806E29DB93CB00CE3C68 /* CardToolbar.swift */; };
		6843807129DC147900CE3C68 /* PreviewData.swift in Sources */ = {isa = PBXBuildFile; fileRef = 6843807029DC147900CE3C68 /* PreviewData.swift */; };
		6843807329DC14C500CE3C68 /* TextExtensions.swift in Sources */ = {isa = PBXBuildFile; fileRef = 6843807229DC14C500CE3C68 /* TextExtensions.swift */; };
		6843807529DC179900CE3C68 /* CardElement.swift in Sources */ = {isa = PBXBuildFile; fileRef = 6843807429DC179900CE3C68 /* CardElement.swift */; };
		6843807729DC17AA00CE3C68 /* Card.swift in Sources */ = {isa = PBXBuildFile; fileRef = 6843807629DC17AA00CE3C68 /* Card.swift */; };
		6843807A29DC184C00CE3C68 /* CardStore.swift in Sources */ = {isa = PBXBuildFile; fileRef = 6843807929DC184C00CE3C68 /* CardStore.swift */; };
		6843807C29DC231E00CE3C68 /* CardElementView.swift in Sources */ = {isa = PBXBuildFile; fileRef = 6843807B29DC231E00CE3C68 /* CardElementView.swift */; };
		6843807F29E4A2EB00CE3C68 /* Stickers in Resources */ = {isa = PBXBuildFile; fileRef = 6843807E29E4A2EA00CE3C68 /* Stickers */; };
		6843808229E4A3A000CE3C68 /* StickerPicker.swift in Sources */ = {isa = PBXBuildFile; fileRef = 6843808129E4A3A000CE3C68 /* StickerPicker.swift */; };
		6843808429E5101A00CE3C68 /* PhotoPicker.swift in Sources */ = {isa = PBXBuildFile; fileRef = 6843808329E5101A00CE3C68 /* PhotoPicker.swift */; };
		6843808629E517ED00CE3C68 /* CardDrop.swift in Sources */ = {isa = PBXBuildFile; fileRef = 6843808529E517ED00CE3C68 /* CardDrop.swift */; };
		6843808829E56C0700CE3C68 /* Shapes.swift in Sources */ = {isa = PBXBuildFile; fileRef = 6843808729E56C0700CE3C68 /* Shapes.swift */; };
		6843808A29E5752D00CE3C68 /* FramePicker.swift in Sources */ = {isa = PBXBuildFile; fileRef = 6843808929E5752D00CE3C68 /* FramePicker.swift */; };
		6843808C29E5760400CE3C68 /* AnyShape.swift in Sources */ = {isa = PBXBuildFile; fileRef = 6843808B29E5760400CE3C68 /* AnyShape.swift */; };
		6843808F29E59C6A00CE3C68 /* FileManagerExtensions.swift in Sources */ = {isa = PBXBuildFile; fileRef = 6843808E29E59C6A00CE3C68 /* FileManagerExtensions.swift */; };
		6843809129E59CCF00CE3C68 /* UIImageExtensions.swift in Sources */ = {isa = PBXBuildFile; fileRef = 6843809029E59CCE00CE3C68 /* UIImageExtensions.swift */; };
		6843809329E5A37300CE3C68 /* AngleExtensions.swift in Sources */ = {isa = PBXBuildFile; fileRef = 6843809229E5A37300CE3C68 /* AngleExtensions.swift */; };
		6843809529E6A52E00CE3C68 /* TextPicker.swift in Sources */ = {isa = PBXBuildFile; fileRef = 6843809429E6A52E00CE3C68 /* TextPicker.swift */; };
		6843809729E6BD4700CE3C68 /* CardModalViews.swift in Sources */ = {isa = PBXBuildFile; fileRef = 6843809629E6BD4700CE3C68 /* CardModalViews.swift */; };
		684380AB29E8AA5F00CE3C68 /* Carousel.swift in Sources */ = {isa = PBXBuildFile; fileRef = 684380A529E8AA5F00CE3C68 /* Carousel.swift */; };
		684380AC29E8AA5F00CE3C68 /* RenderableView.swift in Sources */ = {isa = PBXBuildFile; fileRef = 684380A629E8AA5F00CE3C68 /* RenderableView.swift */; };
		684380AD29E8AA5F00CE3C68 /* ShareSheetView.swift in Sources */ = {isa = PBXBuildFile; fileRef = 684380A729E8AA5F00CE3C68 /* ShareSheetView.swift */; };
		684380AE29E8AA5F00CE3C68 /* TextView.swift in Sources */ = {isa = PBXBuildFile; fileRef = 684380A929E8AA5F00CE3C68 /* TextView.swift */; };
		684380AF29E8AA5F00CE3C68 /* AppFonts.swift in Sources */ = {isa = PBXBuildFile; fileRef = 684380AA29E8AA5F00CE3C68 /* AppFonts.swift */; };
/* End PBXBuildFile section */

/* Begin PBXFileReference section */
		6843803B29DB6BF000CE3C68 /* Cards.app */ = {isa = PBXFileReference; explicitFileType = wrapper.application; includeInIndex = 0; path = Cards.app; sourceTree = BUILT_PRODUCTS_DIR; };
		6843803E29DB6BF000CE3C68 /* CardsApp.swift */ = {isa = PBXFileReference; lastKnownFileType = sourcecode.swift; path = CardsApp.swift; sourceTree = "<group>"; };
		6843804029DB6BF000CE3C68 /* ContentView.swift */ = {isa = PBXFileReference; lastKnownFileType = sourcecode.swift; path = ContentView.swift; sourceTree = "<group>"; };
		6843804229DB6BF100CE3C68 /* Assets.xcassets */ = {isa = PBXFileReference; lastKnownFileType = folder.assetcatalog; path = Assets.xcassets; sourceTree = "<group>"; };
		6843804529DB6BF100CE3C68 /* Preview Assets.xcassets */ = {isa = PBXFileReference; lastKnownFileType = folder.assetcatalog; path = "Preview Assets.xcassets"; sourceTree = "<group>"; };
		6843804D29DB6C8300CE3C68 /* CardsListView.swift */ = {isa = PBXFileReference; lastKnownFileType = sourcecode.swift; path = CardsListView.swift; sourceTree = "<group>"; };
		6843804F29DB6D7300CE3C68 /* CardThumbnailView.swift */ = {isa = PBXFileReference; lastKnownFileType = sourcecode.swift; path = CardThumbnailView.swift; sourceTree = "<group>"; };
		6843805129DB6DDF00CE3C68 /* SingleCardView.swift */ = {isa = PBXFileReference; lastKnownFileType = sourcecode.swift; path = SingleCardView.swift; sourceTree = "<group>"; };
		6843805329DB6E6E00CE3C68 /* ViewState.swift */ = {isa = PBXFileReference; lastKnownFileType = sourcecode.swift; path = ViewState.swift; sourceTree = "<group>"; };
		6843805529DB6F9E00CE3C68 /* CardsView.swift */ = {isa = PBXFileReference; lastKnownFileType = sourcecode.swift; path = CardsView.swift; sourceTree = "<group>"; };
		6843805729DB725300CE3C68 /* CardDetailView.swift */ = {isa = PBXFileReference; lastKnownFileType = sourcecode.swift; path = CardDetailView.swift; sourceTree = "<group>"; };
		6843805929DB780D00CE3C68 /* CardModal.swift */ = {isa = PBXFileReference; lastKnownFileType = sourcecode.swift; path = CardModal.swift; sourceTree = "<group>"; };
		6843805B29DB783700CE3C68 /* CardBottomToolbar.swift */ = {isa = PBXFileReference; lastKnownFileType = sourcecode.swift; path = CardBottomToolbar.swift; sourceTree = "<group>"; };
		6843805F29DB802C00CE3C68 /* ResizableView.swift */ = {isa = PBXFileReference; lastKnownFileType = sourcecode.swift; path = ResizableView.swift; sourceTree = "<group>"; };
		6843806129DB80D000CE3C68 /* Transform.swift */ = {isa = PBXFileReference; lastKnownFileType = sourcecode.swift; path = Transform.swift; sourceTree = "<group>"; };
		6843806329DB850F00CE3C68 /* Operators.swift */ = {isa = PBXFileReference; lastKnownFileType = sourcecode.swift; path = Operators.swift; sourceTree = "<group>"; };
		6843806629DB8B7F00CE3C68 /* ViewExtensions.swift */ = {isa = PBXFileReference; lastKnownFileType = sourcecode.swift; path = ViewExtensions.swift; sourceTree = "<group>"; };
		6843806929DB8E6800CE3C68 /* Settings.swift */ = {isa = PBXFileReference; lastKnownFileType = sourcecode.swift; path = Settings.swift; sourceTree = "<group>"; };
		6843806B29DB8FE900CE3C68 /* ColorExtensions.swift */ = {isa = PBXFileReference; lastKnownFileType = sourcecode.swift; path = ColorExtensions.swift; sourceTree = "<group>"; };
		6843806E29DB93CB00CE3C68 /* CardToolbar.swift */ = {isa = PBXFileReference; lastKnownFileType = sourcecode.swift; path = CardToolbar.swift; sourceTree = "<group>"; };
		6843807029DC147900CE3C68 /* PreviewData.swift */ = {isa = PBXFileReference; lastKnownFileType = sourcecode.swift; path = PreviewData.swift; sourceTree = "<group>"; };
		6843807229DC14C500CE3C68 /* TextExtensions.swift */ = {isa = PBXFileReference; lastKnownFileType = sourcecode.swift; path = TextExtensions.swift; sourceTree = "<group>"; };
		6843807429DC179900CE3C68 /* CardElement.swift */ = {isa = PBXFileReference; lastKnownFileType = sourcecode.swift; path = CardElement.swift; sourceTree = "<group>"; };
		6843807629DC17AA00CE3C68 /* Card.swift */ = {isa = PBXFileReference; lastKnownFileType = sourcecode.swift; path = Card.swift; sourceTree = "<group>"; };
		6843807929DC184C00CE3C68 /* CardStore.swift */ = {isa = PBXFileReference; lastKnownFileType = sourcecode.swift; path = CardStore.swift; sourceTree = "<group>"; };
		6843807B29DC231E00CE3C68 /* CardElementView.swift */ = {isa = PBXFileReference; lastKnownFileType = sourcecode.swift; path = CardElementView.swift; sourceTree = "<group>"; };
		6843807D29E49E2200CE3C68 /* Info.plist */ = {isa = PBXFileReference; lastKnownFileType = text.plist; path = Info.plist; sourceTree = "<group>"; };
		6843807E29E4A2EA00CE3C68 /* Stickers */ = {isa = PBXFileReference; lastKnownFileType = folder; name = Stickers; path = "../../../../Documents/Books Code/suia-materials-editions-1.0/16-adding-assets-to-your-app/assets/Stickers"; sourceTree = "<group>"; };
		6843808129E4A3A000CE3C68 /* StickerPicker.swift */ = {isa = PBXFileReference; lastKnownFileType = sourcecode.swift; path = StickerPicker.swift; sourceTree = "<group>"; };
		6843808329E5101A00CE3C68 /* PhotoPicker.swift */ = {isa = PBXFileReference; lastKnownFileType = sourcecode.swift; path = PhotoPicker.swift; sourceTree = "<group>"; };
		6843808529E517ED00CE3C68 /* CardDrop.swift */ = {isa = PBXFileReference; lastKnownFileType = sourcecode.swift; path = CardDrop.swift; sourceTree = "<group>"; };
		6843808729E56C0700CE3C68 /* Shapes.swift */ = {isa = PBXFileReference; lastKnownFileType = sourcecode.swift; path = Shapes.swift; sourceTree = "<group>"; };
		6843808929E5752D00CE3C68 /* FramePicker.swift */ = {isa = PBXFileReference; lastKnownFileType = sourcecode.swift; path = FramePicker.swift; sourceTree = "<group>"; };
		6843808B29E5760400CE3C68 /* AnyShape.swift */ = {isa = PBXFileReference; lastKnownFileType = sourcecode.swift; path = AnyShape.swift; sourceTree = "<group>"; };
		6843808E29E59C6A00CE3C68 /* FileManagerExtensions.swift */ = {isa = PBXFileReference; lastKnownFileType = sourcecode.swift; path = FileManagerExtensions.swift; sourceTree = "<group>"; };
		6843809029E59CCE00CE3C68 /* UIImageExtensions.swift */ = {isa = PBXFileReference; lastKnownFileType = sourcecode.swift; path = UIImageExtensions.swift; sourceTree = "<group>"; };
		6843809229E5A37300CE3C68 /* AngleExtensions.swift */ = {isa = PBXFileReference; lastKnownFileType = sourcecode.swift; path = AngleExtensions.swift; sourceTree = "<group>"; };
		6843809429E6A52E00CE3C68 /* TextPicker.swift */ = {isa = PBXFileReference; lastKnownFileType = sourcecode.swift; path = TextPicker.swift; sourceTree = "<group>"; };
		6843809629E6BD4700CE3C68 /* CardModalViews.swift */ = {isa = PBXFileReference; lastKnownFileType = sourcecode.swift; path = CardModalViews.swift; sourceTree = "<group>"; };
		684380A529E8AA5F00CE3C68 /* Carousel.swift */ = {isa = PBXFileReference; fileEncoding = 4; lastKnownFileType = sourcecode.swift; path = Carousel.swift; sourceTree = "<group>"; };
		684380A629E8AA5F00CE3C68 /* RenderableView.swift */ = {isa = PBXFileReference; fileEncoding = 4; lastKnownFileType = sourcecode.swift; path = RenderableView.swift; sourceTree = "<group>"; };
		684380A729E8AA5F00CE3C68 /* ShareSheetView.swift */ = {isa = PBXFileReference; fileEncoding = 4; lastKnownFileType = sourcecode.swift; path = ShareSheetView.swift; sourceTree = "<group>"; };
		684380A929E8AA5F00CE3C68 /* TextView.swift */ = {isa = PBXFileReference; fileEncoding = 4; lastKnownFileType = sourcecode.swift; path = TextView.swift; sourceTree = "<group>"; };
		684380AA29E8AA5F00CE3C68 /* AppFonts.swift */ = {isa = PBXFileReference; fileEncoding = 4; lastKnownFileType = sourcecode.swift; path = AppFonts.swift; sourceTree = "<group>"; };
/* End PBXFileReference section */

/* Begin PBXFrameworksBuildPhase section */
		6843803829DB6BF000CE3C68 /* Frameworks */ = {
			isa = PBXFrameworksBuildPhase;
			buildActionMask = 2147483647;
			files = (
			);
			runOnlyForDeploymentPostprocessing = 0;
		};
/* End PBXFrameworksBuildPhase section */

/* Begin PBXGroup section */
		6843803229DB6BEF00CE3C68 = {
			isa = PBXGroup;
			children = (
				6843803D29DB6BF000CE3C68 /* Cards */,
				6843803C29DB6BF000CE3C68 /* Products */,
			);
			sourceTree = "<group>";
		};
		6843803C29DB6BF000CE3C68 /* Products */ = {
			isa = PBXGroup;
			children = (
				6843803B29DB6BF000CE3C68 /* Cards.app */,
			);
			name = Products;
			sourceTree = "<group>";
		};
		6843803D29DB6BF000CE3C68 /* Cards */ = {
			isa = PBXGroup;
			children = (
				6843807D29E49E2200CE3C68 /* Info.plist */,
				6843803E29DB6BF000CE3C68 /* CardsApp.swift */,
				6843806829DB8E5C00CE3C68 /* Config */,
				6843806529DB8B6D00CE3C68 /* Extensions */,
				6843805E29DB7ECB00CE3C68 /* Model */,
				6843804C29DB6C5700CE3C68 /* Views */,
				6843807E29E4A2EA00CE3C68 /* Stickers */,
				684380A429E8AA5F00CE3C68 /* Supporting Code */,
				6843804229DB6BF100CE3C68 /* Assets.xcassets */,
				6843804429DB6BF100CE3C68 /* Preview Content */,
			);
			path = Cards;
			sourceTree = "<group>";
		};
		6843804429DB6BF100CE3C68 /* Preview Content */ = {
			isa = PBXGroup;
			children = (
				6843804529DB6BF100CE3C68 /* Preview Assets.xcassets */,
				6843807029DC147900CE3C68 /* PreviewData.swift */,
			);
			path = "Preview Content";
			sourceTree = "<group>";
		};
		6843804C29DB6C5700CE3C68 /* Views */ = {
			isa = PBXGroup;
			children = (
				6843806D29DB937400CE3C68 /* View Modifiers */,
				6843805D29DB7E9B00CE3C68 /* Single Card Views */,
				6843804D29DB6C8300CE3C68 /* CardsListView.swift */,
				6843805529DB6F9E00CE3C68 /* CardsView.swift */,
				6843804F29DB6D7300CE3C68 /* CardThumbnailView.swift */,
				6843804029DB6BF000CE3C68 /* ContentView.swift */,
			);
			path = Views;
			sourceTree = "<group>";
		};
		6843805D29DB7E9B00CE3C68 /* Single Card Views */ = {
			isa = PBXGroup;
			children = (
				6843808029E4A38F00CE3C68 /* Card Modal Views */,
				6843805129DB6DDF00CE3C68 /* SingleCardView.swift */,
				6843805729DB725300CE3C68 /* CardDetailView.swift */,
				6843805B29DB783700CE3C68 /* CardBottomToolbar.swift */,
				6843807B29DC231E00CE3C68 /* CardElementView.swift */,
				6843808529E517ED00CE3C68 /* CardDrop.swift */,
			);
			path = "Single Card Views";
			sourceTree = "<group>";
		};
		6843805E29DB7ECB00CE3C68 /* Model */ = {
			isa = PBXGroup;
			children = (
				6843808D29E58D4600CE3C68 /* Shape */,
				6843807829DC17B100CE3C68 /* Card */,
				6843805329DB6E6E00CE3C68 /* ViewState.swift */,
				6843805929DB780D00CE3C68 /* CardModal.swift */,
				6843806129DB80D000CE3C68 /* Transform.swift */,
			);
			path = Model;
			sourceTree = "<group>";
		};
		6843806529DB8B6D00CE3C68 /* Extensions */ = {
			isa = PBXGroup;
			children = (
				6843806629DB8B7F00CE3C68 /* ViewExtensions.swift */,
				6843806B29DB8FE900CE3C68 /* ColorExtensions.swift */,
				6843807229DC14C500CE3C68 /* TextExtensions.swift */,
				6843808E29E59C6A00CE3C68 /* FileManagerExtensions.swift */,
				6843809029E59CCE00CE3C68 /* UIImageExtensions.swift */,
				6843809229E5A37300CE3C68 /* AngleExtensions.swift */,
			);
			path = Extensions;
			sourceTree = "<group>";
		};
		6843806829DB8E5C00CE3C68 /* Config */ = {
			isa = PBXGroup;
			children = (
				6843806329DB850F00CE3C68 /* Operators.swift */,
				6843806929DB8E6800CE3C68 /* Settings.swift */,
			);
			path = Config;
			sourceTree = "<group>";
		};
		6843806D29DB937400CE3C68 /* View Modifiers */ = {
			isa = PBXGroup;
			children = (
				6843805F29DB802C00CE3C68 /* ResizableView.swift */,
				6843806E29DB93CB00CE3C68 /* CardToolbar.swift */,
				6843809629E6BD4700CE3C68 /* CardModalViews.swift */,
			);
			path = "View Modifiers";
			sourceTree = "<group>";
		};
		6843807829DC17B100CE3C68 /* Card */ = {
			isa = PBXGroup;
			children = (
				6843807429DC179900CE3C68 /* CardElement.swift */,
				6843807629DC17AA00CE3C68 /* Card.swift */,
				6843807929DC184C00CE3C68 /* CardStore.swift */,
			);
			path = Card;
			sourceTree = "<group>";
		};
		6843808029E4A38F00CE3C68 /* Card Modal Views */ = {
			isa = PBXGroup;
			children = (
				6843808129E4A3A000CE3C68 /* StickerPicker.swift */,
				6843808329E5101A00CE3C68 /* PhotoPicker.swift */,
				6843808929E5752D00CE3C68 /* FramePicker.swift */,
				6843809429E6A52E00CE3C68 /* TextPicker.swift */,
			);
			path = "Card Modal Views";
			sourceTree = "<group>";
		};
		6843808D29E58D4600CE3C68 /* Shape */ = {
			isa = PBXGroup;
			children = (
				6843808B29E5760400CE3C68 /* AnyShape.swift */,
				6843808729E56C0700CE3C68 /* Shapes.swift */,
			);
			path = Shape;
			sourceTree = "<group>";
		};
		684380A429E8AA5F00CE3C68 /* Supporting Code */ = {
			isa = PBXGroup;
			children = (
				684380A529E8AA5F00CE3C68 /* Carousel.swift */,
				684380A629E8AA5F00CE3C68 /* RenderableView.swift */,
				684380A729E8AA5F00CE3C68 /* ShareSheetView.swift */,
				684380A829E8AA5F00CE3C68 /* Text Entry */,
			);
			path = "Supporting Code";
			sourceTree = "<group>";
		};
		684380A829E8AA5F00CE3C68 /* Text Entry */ = {
			isa = PBXGroup;
			children = (
				684380A929E8AA5F00CE3C68 /* TextView.swift */,
				684380AA29E8AA5F00CE3C68 /* AppFonts.swift */,
			);
			path = "Text Entry";
			sourceTree = "<group>";
		};
/* End PBXGroup section */

/* Begin PBXNativeTarget section */
		6843803A29DB6BF000CE3C68 /* Cards */ = {
			isa = PBXNativeTarget;
			buildConfigurationList = 6843804929DB6BF100CE3C68 /* Build configuration list for PBXNativeTarget "Cards" */;
			buildPhases = (
				6843803729DB6BF000CE3C68 /* Sources */,
				6843803829DB6BF000CE3C68 /* Frameworks */,
				6843803929DB6BF000CE3C68 /* Resources */,
			);
			buildRules = (
			);
			dependencies = (
			);
			name = Cards;
			productName = Cards;
			productReference = 6843803B29DB6BF000CE3C68 /* Cards.app */;
			productType = "com.apple.product-type.application";
		};
/* End PBXNativeTarget section */

/* Begin PBXProject section */
		6843803329DB6BEF00CE3C68 /* Project object */ = {
			isa = PBXProject;
			attributes = {
				BuildIndependentTargetsInParallel = 1;
				LastSwiftUpdateCheck = 1430;
				LastUpgradeCheck = 1430;
				TargetAttributes = {
					6843803A29DB6BF000CE3C68 = {
						CreatedOnToolsVersion = 14.3;
					};
				};
			};
			buildConfigurationList = 6843803629DB6BEF00CE3C68 /* Build configuration list for PBXProject "Cards" */;
			compatibilityVersion = "Xcode 14.0";
			developmentRegion = en;
			hasScannedForEncodings = 0;
			knownRegions = (
				en,
				Base,
			);
			mainGroup = 6843803229DB6BEF00CE3C68;
			productRefGroup = 6843803C29DB6BF000CE3C68 /* Products */;
			projectDirPath = "";
			projectRoot = "";
			targets = (
				6843803A29DB6BF000CE3C68 /* Cards */,
			);
		};
/* End PBXProject section */

/* Begin PBXResourcesBuildPhase section */
		6843803929DB6BF000CE3C68 /* Resources */ = {
			isa = PBXResourcesBuildPhase;
			buildActionMask = 2147483647;
			files = (
				6843804629DB6BF100CE3C68 /* Preview Assets.xcassets in Resources */,
				6843807F29E4A2EB00CE3C68 /* Stickers in Resources */,
				6843804329DB6BF100CE3C68 /* Assets.xcassets in Resources */,
			);
			runOnlyForDeploymentPostprocessing = 0;
		};
/* End PBXResourcesBuildPhase section */

/* Begin PBXSourcesBuildPhase section */
		6843803729DB6BF000CE3C68 /* Sources */ = {
			isa = PBXSourcesBuildPhase;
			buildActionMask = 2147483647;
			files = (
				6843806F29DB93CB00CE3C68 /* CardToolbar.swift in Sources */,
				6843805629DB6F9E00CE3C68 /* CardsView.swift in Sources */,
				684380AC29E8AA5F00CE3C68 /* RenderableView.swift in Sources */,
				6843804129DB6BF000CE3C68 /* ContentView.swift in Sources */,
				6843804E29DB6C8300CE3C68 /* CardsListView.swift in Sources */,
				6843805429DB6E6E00CE3C68 /* ViewState.swift in Sources */,
				6843803F29DB6BF000CE3C68 /* CardsApp.swift in Sources */,
				6843805229DB6DDF00CE3C68 /* SingleCardView.swift in Sources */,
				6843809329E5A37300CE3C68 /* AngleExtensions.swift in Sources */,
				684380AF29E8AA5F00CE3C68 /* AppFonts.swift in Sources */,
				6843809729E6BD4700CE3C68 /* CardModalViews.swift in Sources */,
				6843805C29DB783700CE3C68 /* CardBottomToolbar.swift in Sources */,
				6843807529DC179900CE3C68 /* CardElement.swift in Sources */,
				6843807A29DC184C00CE3C68 /* CardStore.swift in Sources */,
				6843806029DB802C00CE3C68 /* ResizableView.swift in Sources */,
				6843808829E56C0700CE3C68 /* Shapes.swift in Sources */,
				6843806729DB8B7F00CE3C68 /* ViewExtensions.swift in Sources */,
				6843808629E517ED00CE3C68 /* CardDrop.swift in Sources */,
				684380AE29E8AA5F00CE3C68 /* TextView.swift in Sources */,
				6843806A29DB8E6800CE3C68 /* Settings.swift in Sources */,
				6843805029DB6D7300CE3C68 /* CardThumbnailView.swift in Sources */,
				684380AB29E8AA5F00CE3C68 /* Carousel.swift in Sources */,
				6843806429DB850F00CE3C68 /* Operators.swift in Sources */,
				6843808A29E5752D00CE3C68 /* FramePicker.swift in Sources */,
				6843805A29DB780D00CE3C68 /* CardModal.swift in Sources */,
				6843807129DC147900CE3C68 /* PreviewData.swift in Sources */,
				6843809529E6A52E00CE3C68 /* TextPicker.swift in Sources */,
				6843808229E4A3A000CE3C68 /* StickerPicker.swift in Sources */,
				6843808C29E5760400CE3C68 /* AnyShape.swift in Sources */,
				684380AD29E8AA5F00CE3C68 /* ShareSheetView.swift in Sources */,
				6843807C29DC231E00CE3C68 /* CardElementView.swift in Sources */,
				6843808F29E59C6A00CE3C68 /* FileManagerExtensions.swift in Sources */,
				6843807729DC17AA00CE3C68 /* Card.swift in Sources */,
				6843806229DB80D000CE3C68 /* Transform.swift in Sources */,
				6843807329DC14C500CE3C68 /* TextExtensions.swift in Sources */,
				6843805829DB725400CE3C68 /* CardDetailView.swift in Sources */,
				6843808429E5101A00CE3C68 /* PhotoPicker.swift in Sources */,
				6843806C29DB8FE900CE3C68 /* ColorExtensions.swift in Sources */,
				6843809129E59CCF00CE3C68 /* UIImageExtensions.swift in Sources */,
			);
			runOnlyForDeploymentPostprocessing = 0;
		};
/* End PBXSourcesBuildPhase section */

/* Begin XCBuildConfiguration section */
		6843804729DB6BF100CE3C68 /* Debug */ = {
			isa = XCBuildConfiguration;
			buildSettings = {
				ALWAYS_SEARCH_USER_PATHS = NO;
				CLANG_ANALYZER_NONNULL = YES;
				CLANG_ANALYZER_NUMBER_OBJECT_CONVERSION = YES_AGGRESSIVE;
				CLANG_CXX_LANGUAGE_STANDARD = "gnu++20";
				CLANG_ENABLE_MODULES = YES;
				CLANG_ENABLE_OBJC_ARC = YES;
				CLANG_ENABLE_OBJC_WEAK = YES;
				CLANG_WARN_BLOCK_CAPTURE_AUTORELEASING = YES;
				CLANG_WARN_BOOL_CONVERSION = YES;
				CLANG_WARN_COMMA = YES;
				CLANG_WARN_CONSTANT_CONVERSION = YES;
				CLANG_WARN_DEPRECATED_OBJC_IMPLEMENTATIONS = YES;
				CLANG_WARN_DIRECT_OBJC_ISA_USAGE = YES_ERROR;
				CLANG_WARN_DOCUMENTATION_COMMENTS = YES;
				CLANG_WARN_EMPTY_BODY = YES;
				CLANG_WARN_ENUM_CONVERSION = YES;
				CLANG_WARN_INFINITE_RECURSION = YES;
				CLANG_WARN_INT_CONVERSION = YES;
				CLANG_WARN_NON_LITERAL_NULL_CONVERSION = YES;
				CLANG_WARN_OBJC_IMPLICIT_RETAIN_SELF = YES;
				CLANG_WARN_OBJC_LITERAL_CONVERSION = YES;
				CLANG_WARN_OBJC_ROOT_CLASS = YES_ERROR;
				CLANG_WARN_QUOTED_INCLUDE_IN_FRAMEWORK_HEADER = YES;
				CLANG_WARN_RANGE_LOOP_ANALYSIS = YES;
				CLANG_WARN_STRICT_PROTOTYPES = YES;
				CLANG_WARN_SUSPICIOUS_MOVE = YES;
				CLANG_WARN_UNGUARDED_AVAILABILITY = YES_AGGRESSIVE;
				CLANG_WARN_UNREACHABLE_CODE = YES;
				CLANG_WARN__DUPLICATE_METHOD_MATCH = YES;
				COPY_PHASE_STRIP = NO;
				DEBUG_INFORMATION_FORMAT = dwarf;
				ENABLE_STRICT_OBJC_MSGSEND = YES;
				ENABLE_TESTABILITY = YES;
				GCC_C_LANGUAGE_STANDARD = gnu11;
				GCC_DYNAMIC_NO_PIC = NO;
				GCC_NO_COMMON_BLOCKS = YES;
				GCC_OPTIMIZATION_LEVEL = 0;
				GCC_PREPROCESSOR_DEFINITIONS = (
					"DEBUG=1",
					"$(inherited)",
				);
				GCC_WARN_64_TO_32_BIT_CONVERSION = YES;
				GCC_WARN_ABOUT_RETURN_TYPE = YES_ERROR;
				GCC_WARN_UNDECLARED_SELECTOR = YES;
				GCC_WARN_UNINITIALIZED_AUTOS = YES_AGGRESSIVE;
				GCC_WARN_UNUSED_FUNCTION = YES;
				GCC_WARN_UNUSED_VARIABLE = YES;
				IPHONEOS_DEPLOYMENT_TARGET = 16.4;
				MTL_ENABLE_DEBUG_INFO = INCLUDE_SOURCE;
				MTL_FAST_MATH = YES;
				ONLY_ACTIVE_ARCH = YES;
				SDKROOT = iphoneos;
				SWIFT_ACTIVE_COMPILATION_CONDITIONS = DEBUG;
				SWIFT_OPTIMIZATION_LEVEL = "-Onone";
			};
			name = Debug;
		};
		6843804829DB6BF100CE3C68 /* Release */ = {
			isa = XCBuildConfiguration;
			buildSettings = {
				ALWAYS_SEARCH_USER_PATHS = NO;
				CLANG_ANALYZER_NONNULL = YES;
				CLANG_ANALYZER_NUMBER_OBJECT_CONVERSION = YES_AGGRESSIVE;
				CLANG_CXX_LANGUAGE_STANDARD = "gnu++20";
				CLANG_ENABLE_MODULES = YES;
				CLANG_ENABLE_OBJC_ARC = YES;
				CLANG_ENABLE_OBJC_WEAK = YES;
				CLANG_WARN_BLOCK_CAPTURE_AUTORELEASING = YES;
				CLANG_WARN_BOOL_CONVERSION = YES;
				CLANG_WARN_COMMA = YES;
				CLANG_WARN_CONSTANT_CONVERSION = YES;
				CLANG_WARN_DEPRECATED_OBJC_IMPLEMENTATIONS = YES;
				CLANG_WARN_DIRECT_OBJC_ISA_USAGE = YES_ERROR;
				CLANG_WARN_DOCUMENTATION_COMMENTS = YES;
				CLANG_WARN_EMPTY_BODY = YES;
				CLANG_WARN_ENUM_CONVERSION = YES;
				CLANG_WARN_INFINITE_RECURSION = YES;
				CLANG_WARN_INT_CONVERSION = YES;
				CLANG_WARN_NON_LITERAL_NULL_CONVERSION = YES;
				CLANG_WARN_OBJC_IMPLICIT_RETAIN_SELF = YES;
				CLANG_WARN_OBJC_LITERAL_CONVERSION = YES;
				CLANG_WARN_OBJC_ROOT_CLASS = YES_ERROR;
				CLANG_WARN_QUOTED_INCLUDE_IN_FRAMEWORK_HEADER = YES;
				CLANG_WARN_RANGE_LOOP_ANALYSIS = YES;
				CLANG_WARN_STRICT_PROTOTYPES = YES;
				CLANG_WARN_SUSPICIOUS_MOVE = YES;
				CLANG_WARN_UNGUARDED_AVAILABILITY = YES_AGGRESSIVE;
				CLANG_WARN_UNREACHABLE_CODE = YES;
				CLANG_WARN__DUPLICATE_METHOD_MATCH = YES;
				COPY_PHASE_STRIP = NO;
				DEBUG_INFORMATION_FORMAT = "dwarf-with-dsym";
				ENABLE_NS_ASSERTIONS = NO;
				ENABLE_STRICT_OBJC_MSGSEND = YES;
				GCC_C_LANGUAGE_STANDARD = gnu11;
				GCC_NO_COMMON_BLOCKS = YES;
				GCC_WARN_64_TO_32_BIT_CONVERSION = YES;
				GCC_WARN_ABOUT_RETURN_TYPE = YES_ERROR;
				GCC_WARN_UNDECLARED_SELECTOR = YES;
				GCC_WARN_UNINITIALIZED_AUTOS = YES_AGGRESSIVE;
				GCC_WARN_UNUSED_FUNCTION = YES;
				GCC_WARN_UNUSED_VARIABLE = YES;
				IPHONEOS_DEPLOYMENT_TARGET = 16.4;
				MTL_ENABLE_DEBUG_INFO = NO;
				MTL_FAST_MATH = YES;
				SDKROOT = iphoneos;
				SWIFT_COMPILATION_MODE = wholemodule;
				SWIFT_OPTIMIZATION_LEVEL = "-O";
				VALIDATE_PRODUCT = YES;
			};
			name = Release;
		};
		6843804A29DB6BF100CE3C68 /* Debug */ = {
			isa = XCBuildConfiguration;
			buildSettings = {
				ASSETCATALOG_COMPILER_APPICON_NAME = AppIcon;
				ASSETCATALOG_COMPILER_GLOBAL_ACCENT_COLOR_NAME = AccentColor;
				CODE_SIGN_STYLE = Automatic;
				CURRENT_PROJECT_VERSION = 1;
				DEVELOPMENT_ASSET_PATHS = "\"Cards/Preview Content\"";
				DEVELOPMENT_TEAM = LJ87H7HMY5;
				ENABLE_PREVIEWS = YES;
				GENERATE_INFOPLIST_FILE = YES;
				INFOPLIST_FILE = Cards/Info.plist;
				INFOPLIST_KEY_UIApplicationSceneManifest_Generation = YES;
				INFOPLIST_KEY_UIApplicationSupportsIndirectInputEvents = YES;
				INFOPLIST_KEY_UISupportedInterfaceOrientations_iPad = "UIInterfaceOrientationPortrait UIInterfaceOrientationPortraitUpsideDown UIInterfaceOrientationLandscapeLeft UIInterfaceOrientationLandscapeRight";
				INFOPLIST_KEY_UISupportedInterfaceOrientations_iPhone = "UIInterfaceOrientationPortrait UIInterfaceOrientationLandscapeLeft UIInterfaceOrientationLandscapeRight";
				LD_RUNPATH_SEARCH_PATHS = (
					"$(inherited)",
					"@executable_path/Frameworks",
				);
				MARKETING_VERSION = 1.0;
				PRODUCT_BUNDLE_IDENTIFIER = com.mohsinayub.Cards;
				PRODUCT_NAME = "$(TARGET_NAME)";
				SWIFT_EMIT_LOC_STRINGS = YES;
				SWIFT_VERSION = 5.0;
				TARGETED_DEVICE_FAMILY = "1,2";
			};
			name = Debug;
		};
		6843804B29DB6BF100CE3C68 /* Release */ = {
			isa = XCBuildConfiguration;
			buildSettings = {
				ASSETCATALOG_COMPILER_APPICON_NAME = AppIcon;
				ASSETCATALOG_COMPILER_GLOBAL_ACCENT_COLOR_NAME = AccentColor;
				CODE_SIGN_STYLE = Automatic;
				CURRENT_PROJECT_VERSION = 1;
				DEVELOPMENT_ASSET_PATHS = "\"Cards/Preview Content\"";
				DEVELOPMENT_TEAM = LJ87H7HMY5;
				ENABLE_PREVIEWS = YES;
				GENERATE_INFOPLIST_FILE = YES;
				INFOPLIST_FILE = Cards/Info.plist;
				INFOPLIST_KEY_UIApplicationSceneManifest_Generation = YES;
				INFOPLIST_KEY_UIApplicationSupportsIndirectInputEvents = YES;
				INFOPLIST_KEY_UISupportedInterfaceOrientations_iPad = "UIInterfaceOrientationPortrait UIInterfaceOrientationPortraitUpsideDown UIInterfaceOrientationLandscapeLeft UIInterfaceOrientationLandscapeRight";
				INFOPLIST_KEY_UISupportedInterfaceOrientations_iPhone = "UIInterfaceOrientationPortrait UIInterfaceOrientationLandscapeLeft UIInterfaceOrientationLandscapeRight";
				LD_RUNPATH_SEARCH_PATHS = (
					"$(inherited)",
					"@executable_path/Frameworks",
				);
				MARKETING_VERSION = 1.0;
				PRODUCT_BUNDLE_IDENTIFIER = com.mohsinayub.Cards;
				PRODUCT_NAME = "$(TARGET_NAME)";
				SWIFT_EMIT_LOC_STRINGS = YES;
				SWIFT_VERSION = 5.0;
				TARGETED_DEVICE_FAMILY = "1,2";
			};
			name = Release;
		};
/* End XCBuildConfiguration section */

/* Begin XCConfigurationList section */
		6843803629DB6BEF00CE3C68 /* Build configuration list for PBXProject "Cards" */ = {
			isa = XCConfigurationList;
			buildConfigurations = (
				6843804729DB6BF100CE3C68 /* Debug */,
				6843804829DB6BF100CE3C68 /* Release */,
			);
			defaultConfigurationIsVisible = 0;
			defaultConfigurationName = Release;
		};
		6843804929DB6BF100CE3C68 /* Build configuration list for PBXNativeTarget "Cards" */ = {
			isa = XCConfigurationList;
			buildConfigurations = (
				6843804A29DB6BF100CE3C68 /* Debug */,
				6843804B29DB6BF100CE3C68 /* Release */,
			);
			defaultConfigurationIsVisible = 0;
			defaultConfigurationName = Release;
		};
/* End XCConfigurationList section */
	};
	rootObject = 6843803329DB6BEF00CE3C68 /* Project object */;
}
